{
  "name": "responsive-snake",
  "version": "0.1.5",
  "lockfileVersion": 1,
  "dependencies": {
    "circular-json": {
      "version": "0.3.1",
      "resolved": "https://registry.npmjs.org/circular-json/-/circular-json-0.3.1.tgz",
      "integrity": "sha1-vos2rvzN6LPKeqLWr8B6NyQsDS0="
    },
    "esprima-six": {
      "version": "1.0.5",
      "resolved": "https://registry.npmjs.org/esprima-six/-/esprima-six-1.0.5.tgz",
      "integrity": "sha1-LiraGZ48OMvBg1wT/JBQvuPoDiQ="
    }
  }
}
